
Microsoft Visual Studio Solution File, Format Version 12.00
# Visual Studio Version 17
VisualStudioVersion = 17.5.001.0
MinimumVisualStudioVersion = 10.0.40219.1
Project("{9A19103F-16F7-4668-BE54-9A1E7A4F7556}") = "C#", "C#.csproj", "{81F27C64-12F6-4417-8C48-79273933AB87}"
EndProject
Global
	GlobalSection(SolutionConfigurationPlatforms) = preSolution
		Debug|Any CPU = Debug|Any CPU
		Release|Any CPU = Release|Any CPU
	EndGlobalSection
	GlobalSection(ProjectConfigurationPlatforms) = postSolution
		{81F27C64-12F6-4417-8C48-79273933AB87}.Debug|Any CPU.ActiveCfg = Debug|Any CPU
		{81F27C64-12F6-4417-8C48-79273933AB87}.Debug|Any CPU.Build.0 = Debug|Any CPU
		{81F27C64-12F6-4417-8C48-79273933AB87}.Release|Any CPU.ActiveCfg = Release|Any CPU
		{81F27C64-12F6-4417-8C48-79273933AB87}.Release|Any CPU.Build.0 = Release|Any CPU
	EndGlobalSection
	GlobalSection(SolutionProperties) = preSolution
		HideSolutionNode = FALSE
	EndGlobalSection
	GlobalSection(ExtensibilityGlobals) = postSolution
		SolutionGuid = {13FC9587-0B92-482D-9F50-7CBC946CB45D}
	EndGlobalSection
EndGlobal
